// !$*UTF8*$!
{
	archiveVersion = 1;
	classes = {
	};
	objectVersion = 46;
	objects = {

/* Begin PBXBuildFile section */
		C3F341F01CADE124000ECEBC /* libC7.dylib in Frameworks */ = {isa = PBXBuildFile; fileRef = "_____Product_C7" /* libC7.dylib */; };
		C3F341F41CADE361000ECEBC /* BodyTests.swift in Sources */ = {isa = PBXBuildFile; fileRef = C3F341F31CADE35D000ECEBC /* BodyTests.swift */; };
		_LinkFileRef_C7 /* libC7.dylib in Frameworks */ = {isa = PBXBuildFile; fileRef = "_____Product_C7" /* libC7.dylib */; };
		_LinkFileRef_S4 /* libS4.dylib in Frameworks */ = {isa = PBXBuildFile; fileRef = "_____Product_S4" /* libS4.dylib */; };
		"__src_cc_ref_Packages/C7-0.1.11/Sources/AsyncStream.swift" /* AsyncStream.swift in Sources */ = {isa = PBXBuildFile; fileRef = "__PBXFileRef_Packages/C7-0.1.11/Sources/AsyncStream.swift" /* AsyncStream.swift */; };
		"__src_cc_ref_Packages/C7-0.1.11/Sources/AsyncStreamClient.swift" /* AsyncStreamClient.swift in Sources */ = {isa = PBXBuildFile; fileRef = "__PBXFileRef_Packages/C7-0.1.11/Sources/AsyncStreamClient.swift" /* AsyncStreamClient.swift */; };
		"__src_cc_ref_Packages/C7-0.1.11/Sources/AsyncStreamServer.swift" /* AsyncStreamServer.swift in Sources */ = {isa = PBXBuildFile; fileRef = "__PBXFileRef_Packages/C7-0.1.11/Sources/AsyncStreamServer.swift" /* AsyncStreamServer.swift */; };
		"__src_cc_ref_Packages/C7-0.1.11/Sources/Byte.swift" /* Byte.swift in Sources */ = {isa = PBXBuildFile; fileRef = "__PBXFileRef_Packages/C7-0.1.11/Sources/Byte.swift" /* Byte.swift */; };
		"__src_cc_ref_Packages/C7-0.1.11/Sources/CaseInsensitiveString.swift" /* CaseInsensitiveString.swift in Sources */ = {isa = PBXBuildFile; fileRef = "__PBXFileRef_Packages/C7-0.1.11/Sources/CaseInsensitiveString.swift" /* CaseInsensitiveString.swift */; };
		"__src_cc_ref_Packages/C7-0.1.11/Sources/CustomDataStore.swift" /* CustomDataStore.swift in Sources */ = {isa = PBXBuildFile; fileRef = "__PBXFileRef_Packages/C7-0.1.11/Sources/CustomDataStore.swift" /* CustomDataStore.swift */; };
		"__src_cc_ref_Packages/C7-0.1.11/Sources/Data.swift" /* Data.swift in Sources */ = {isa = PBXBuildFile; fileRef = "__PBXFileRef_Packages/C7-0.1.11/Sources/Data.swift" /* Data.swift */; };
		"__src_cc_ref_Packages/C7-0.1.11/Sources/Drain.swift" /* Drain.swift in Sources */ = {isa = PBXBuildFile; fileRef = "__PBXFileRef_Packages/C7-0.1.11/Sources/Drain.swift" /* Drain.swift */; };
		"__src_cc_ref_Packages/C7-0.1.11/Sources/Storage.swift" /* Storage.swift in Sources */ = {isa = PBXBuildFile; fileRef = "__PBXFileRef_Packages/C7-0.1.11/Sources/Storage.swift" /* Storage.swift */; };
		"__src_cc_ref_Packages/C7-0.1.11/Sources/Stream.swift" /* Stream.swift in Sources */ = {isa = PBXBuildFile; fileRef = "__PBXFileRef_Packages/C7-0.1.11/Sources/Stream.swift" /* Stream.swift */; };
		"__src_cc_ref_Packages/C7-0.1.11/Sources/StreamClient.swift" /* StreamClient.swift in Sources */ = {isa = PBXBuildFile; fileRef = "__PBXFileRef_Packages/C7-0.1.11/Sources/StreamClient.swift" /* StreamClient.swift */; };
		"__src_cc_ref_Packages/C7-0.1.11/Sources/StreamSequence.swift" /* StreamSequence.swift in Sources */ = {isa = PBXBuildFile; fileRef = "__PBXFileRef_Packages/C7-0.1.11/Sources/StreamSequence.swift" /* StreamSequence.swift */; };
		"__src_cc_ref_Packages/C7-0.1.11/Sources/StreamServer.swift" /* StreamServer.swift in Sources */ = {isa = PBXBuildFile; fileRef = "__PBXFileRef_Packages/C7-0.1.11/Sources/StreamServer.swift" /* StreamServer.swift */; };
		"__src_cc_ref_Packages/C7-0.1.11/Sources/URI.swift" /* URI.swift in Sources */ = {isa = PBXBuildFile; fileRef = "__PBXFileRef_Packages/C7-0.1.11/Sources/URI.swift" /* URI.swift */; };
		__src_cc_ref_Sources/AsyncClient.swift /* AsyncClient.swift in Sources */ = {isa = PBXBuildFile; fileRef = __PBXFileRef_Sources/AsyncClient.swift /* AsyncClient.swift */; };
		__src_cc_ref_Sources/AsyncMiddleware.swift /* AsyncMiddleware.swift in Sources */ = {isa = PBXBuildFile; fileRef = __PBXFileRef_Sources/AsyncMiddleware.swift /* AsyncMiddleware.swift */; };
		__src_cc_ref_Sources/AsyncResponder.swift /* AsyncResponder.swift in Sources */ = {isa = PBXBuildFile; fileRef = __PBXFileRef_Sources/AsyncResponder.swift /* AsyncResponder.swift */; };
		__src_cc_ref_Sources/AsyncRoute.swift /* AsyncRoute.swift in Sources */ = {isa = PBXBuildFile; fileRef = __PBXFileRef_Sources/AsyncRoute.swift /* AsyncRoute.swift */; };
		__src_cc_ref_Sources/AsyncRouteMatcher.swift /* AsyncRouteMatcher.swift in Sources */ = {isa = PBXBuildFile; fileRef = __PBXFileRef_Sources/AsyncRouteMatcher.swift /* AsyncRouteMatcher.swift */; };
		__src_cc_ref_Sources/AsyncRouter.swift /* AsyncRouter.swift in Sources */ = {isa = PBXBuildFile; fileRef = __PBXFileRef_Sources/AsyncRouter.swift /* AsyncRouter.swift */; };
		__src_cc_ref_Sources/AsyncServer.swift /* AsyncServer.swift in Sources */ = {isa = PBXBuildFile; fileRef = __PBXFileRef_Sources/AsyncServer.swift /* AsyncServer.swift */; };
		__src_cc_ref_Sources/Body.swift /* Body.swift in Sources */ = {isa = PBXBuildFile; fileRef = __PBXFileRef_Sources/Body.swift /* Body.swift */; };
		__src_cc_ref_Sources/Client.swift /* Client.swift in Sources */ = {isa = PBXBuildFile; fileRef = __PBXFileRef_Sources/Client.swift /* Client.swift */; };
		__src_cc_ref_Sources/HeaderName.swift /* HeaderName.swift in Sources */ = {isa = PBXBuildFile; fileRef = __PBXFileRef_Sources/HeaderName.swift /* HeaderName.swift */; };
		__src_cc_ref_Sources/HeaderValues.swift /* HeaderValues.swift in Sources */ = {isa = PBXBuildFile; fileRef = __PBXFileRef_Sources/HeaderValues.swift /* HeaderValues.swift */; };
		__src_cc_ref_Sources/Headers.swift /* Headers.swift in Sources */ = {isa = PBXBuildFile; fileRef = __PBXFileRef_Sources/Headers.swift /* Headers.swift */; };
		__src_cc_ref_Sources/Message.swift /* Message.swift in Sources */ = {isa = PBXBuildFile; fileRef = __PBXFileRef_Sources/Message.swift /* Message.swift */; };
		__src_cc_ref_Sources/Method.swift /* Method.swift in Sources */ = {isa = PBXBuildFile; fileRef = __PBXFileRef_Sources/Method.swift /* Method.swift */; };
		__src_cc_ref_Sources/Middleware.swift /* Middleware.swift in Sources */ = {isa = PBXBuildFile; fileRef = __PBXFileRef_Sources/Middleware.swift /* Middleware.swift */; };
		__src_cc_ref_Sources/Port.swift /* Port.swift in Sources */ = {isa = PBXBuildFile; fileRef = __PBXFileRef_Sources/Port.swift /* Port.swift */; };
		__src_cc_ref_Sources/Request.swift /* Request.swift in Sources */ = {isa = PBXBuildFile; fileRef = __PBXFileRef_Sources/Request.swift /* Request.swift */; };
		__src_cc_ref_Sources/RequestConvertible.swift /* RequestConvertible.swift in Sources */ = {isa = PBXBuildFile; fileRef = __PBXFileRef_Sources/RequestConvertible.swift /* RequestConvertible.swift */; };
		__src_cc_ref_Sources/RequestInitializable.swift /* RequestInitializable.swift in Sources */ = {isa = PBXBuildFile; fileRef = __PBXFileRef_Sources/RequestInitializable.swift /* RequestInitializable.swift */; };
		__src_cc_ref_Sources/RequestParser.swift /* RequestParser.swift in Sources */ = {isa = PBXBuildFile; fileRef = __PBXFileRef_Sources/RequestParser.swift /* RequestParser.swift */; };
		__src_cc_ref_Sources/RequestRepresentable.swift /* RequestRepresentable.swift in Sources */ = {isa = PBXBuildFile; fileRef = __PBXFileRef_Sources/RequestRepresentable.swift /* RequestRepresentable.swift */; };
		__src_cc_ref_Sources/RequestSerializer.swift /* RequestSerializer.swift in Sources */ = {isa = PBXBuildFile; fileRef = __PBXFileRef_Sources/RequestSerializer.swift /* RequestSerializer.swift */; };
		__src_cc_ref_Sources/Responder.swift /* Responder.swift in Sources */ = {isa = PBXBuildFile; fileRef = __PBXFileRef_Sources/Responder.swift /* Responder.swift */; };
		__src_cc_ref_Sources/Response.swift /* Response.swift in Sources */ = {isa = PBXBuildFile; fileRef = __PBXFileRef_Sources/Response.swift /* Response.swift */; };
		__src_cc_ref_Sources/ResponseConvertible.swift /* ResponseConvertible.swift in Sources */ = {isa = PBXBuildFile; fileRef = __PBXFileRef_Sources/ResponseConvertible.swift /* ResponseConvertible.swift */; };
		__src_cc_ref_Sources/ResponseInitializable.swift /* ResponseInitializable.swift in Sources */ = {isa = PBXBuildFile; fileRef = __PBXFileRef_Sources/ResponseInitializable.swift /* ResponseInitializable.swift */; };
		__src_cc_ref_Sources/ResponseParser.swift /* ResponseParser.swift in Sources */ = {isa = PBXBuildFile; fileRef = __PBXFileRef_Sources/ResponseParser.swift /* ResponseParser.swift */; };
		__src_cc_ref_Sources/ResponseRepresentable.swift /* ResponseRepresentable.swift in Sources */ = {isa = PBXBuildFile; fileRef = __PBXFileRef_Sources/ResponseRepresentable.swift /* ResponseRepresentable.swift */; };
		__src_cc_ref_Sources/ResponseSerializer.swift /* ResponseSerializer.swift in Sources */ = {isa = PBXBuildFile; fileRef = __PBXFileRef_Sources/ResponseSerializer.swift /* ResponseSerializer.swift */; };
		__src_cc_ref_Sources/Route.swift /* Route.swift in Sources */ = {isa = PBXBuildFile; fileRef = __PBXFileRef_Sources/Route.swift /* Route.swift */; };
		__src_cc_ref_Sources/RouteMatcher.swift /* RouteMatcher.swift in Sources */ = {isa = PBXBuildFile; fileRef = __PBXFileRef_Sources/RouteMatcher.swift /* RouteMatcher.swift */; };
		__src_cc_ref_Sources/Router.swift /* Router.swift in Sources */ = {isa = PBXBuildFile; fileRef = __PBXFileRef_Sources/Router.swift /* Router.swift */; };
		__src_cc_ref_Sources/S4.swift /* S4.swift in Sources */ = {isa = PBXBuildFile; fileRef = __PBXFileRef_Sources/S4.swift /* S4.swift */; };
		__src_cc_ref_Sources/Server.swift /* Server.swift in Sources */ = {isa = PBXBuildFile; fileRef = __PBXFileRef_Sources/Server.swift /* Server.swift */; };
		__src_cc_ref_Sources/Status.swift /* Status.swift in Sources */ = {isa = PBXBuildFile; fileRef = __PBXFileRef_Sources/Status.swift /* Status.swift */; };
		__src_cc_ref_Sources/Version.swift /* Version.swift in Sources */ = {isa = PBXBuildFile; fileRef = __PBXFileRef_Sources/Version.swift /* Version.swift */; };
		__src_cc_ref_Tests/S4/ExampleTests.swift /* ExampleTests.swift in Sources */ = {isa = PBXBuildFile; fileRef = __PBXFileRef_Tests/S4/ExampleTests.swift /* ExampleTests.swift */; };
/* End PBXBuildFile section */

/* Begin PBXContainerItemProxy section */
		C3F341F11CADE124000ECEBC /* PBXContainerItemProxy */ = {
			isa = PBXContainerItemProxy;
			containerPortal = __RootObject_ /* Project object */;
			proxyType = 1;
			remoteGlobalIDString = "______Target_C7";
			remoteInfo = C7;
		};
		C3F341F21CADE124000ECEBC /* PBXContainerItemProxy */ = {
			isa = PBXContainerItemProxy;
			containerPortal = __RootObject_ /* Project object */;
			proxyType = 1;
			remoteGlobalIDString = "______Target_S4";
			remoteInfo = S4;
		};
/* End PBXContainerItemProxy section */

/* Begin PBXFileReference section */
		C3F341F31CADE35D000ECEBC /* BodyTests.swift */ = {isa = PBXFileReference; lastKnownFileType = sourcecode.swift; path = BodyTests.swift; sourceTree = "<group>"; };
		__PBXFileRef_Package.swift /* Package.swift */ = {isa = PBXFileReference; lastKnownFileType = sourcecode.swift; name = Package.swift; path = /Users/tanner/Developer/swiftx/s4/Package.swift; sourceTree = "<group>"; };
		"__PBXFileRef_Packages/C7-0.1.11/Sources/AsyncStream.swift" /* AsyncStream.swift */ = {isa = PBXFileReference; lastKnownFileType = sourcecode.swift; path = AsyncStream.swift; sourceTree = "<group>"; };
		"__PBXFileRef_Packages/C7-0.1.11/Sources/AsyncStreamClient.swift" /* AsyncStreamClient.swift */ = {isa = PBXFileReference; lastKnownFileType = sourcecode.swift; path = AsyncStreamClient.swift; sourceTree = "<group>"; };
		"__PBXFileRef_Packages/C7-0.1.11/Sources/AsyncStreamServer.swift" /* AsyncStreamServer.swift */ = {isa = PBXFileReference; lastKnownFileType = sourcecode.swift; path = AsyncStreamServer.swift; sourceTree = "<group>"; };
		"__PBXFileRef_Packages/C7-0.1.11/Sources/Byte.swift" /* Byte.swift */ = {isa = PBXFileReference; lastKnownFileType = sourcecode.swift; path = Byte.swift; sourceTree = "<group>"; };
		"__PBXFileRef_Packages/C7-0.1.11/Sources/CaseInsensitiveString.swift" /* CaseInsensitiveString.swift */ = {isa = PBXFileReference; lastKnownFileType = sourcecode.swift; path = CaseInsensitiveString.swift; sourceTree = "<group>"; };
		"__PBXFileRef_Packages/C7-0.1.11/Sources/CustomDataStore.swift" /* CustomDataStore.swift */ = {isa = PBXFileReference; lastKnownFileType = sourcecode.swift; path = CustomDataStore.swift; sourceTree = "<group>"; };
		"__PBXFileRef_Packages/C7-0.1.11/Sources/Data.swift" /* Data.swift */ = {isa = PBXFileReference; lastKnownFileType = sourcecode.swift; path = Data.swift; sourceTree = "<group>"; };
		"__PBXFileRef_Packages/C7-0.1.11/Sources/Drain.swift" /* Drain.swift */ = {isa = PBXFileReference; lastKnownFileType = sourcecode.swift; path = Drain.swift; sourceTree = "<group>"; };
		"__PBXFileRef_Packages/C7-0.1.11/Sources/Storage.swift" /* Storage.swift */ = {isa = PBXFileReference; lastKnownFileType = sourcecode.swift; path = Storage.swift; sourceTree = "<group>"; };
		"__PBXFileRef_Packages/C7-0.1.11/Sources/Stream.swift" /* Stream.swift */ = {isa = PBXFileReference; lastKnownFileType = sourcecode.swift; path = Stream.swift; sourceTree = "<group>"; };
		"__PBXFileRef_Packages/C7-0.1.11/Sources/StreamClient.swift" /* StreamClient.swift */ = {isa = PBXFileReference; lastKnownFileType = sourcecode.swift; path = StreamClient.swift; sourceTree = "<group>"; };
		"__PBXFileRef_Packages/C7-0.1.11/Sources/StreamSequence.swift" /* StreamSequence.swift */ = {isa = PBXFileReference; lastKnownFileType = sourcecode.swift; path = StreamSequence.swift; sourceTree = "<group>"; };
		"__PBXFileRef_Packages/C7-0.1.11/Sources/StreamServer.swift" /* StreamServer.swift */ = {isa = PBXFileReference; lastKnownFileType = sourcecode.swift; path = StreamServer.swift; sourceTree = "<group>"; };
		"__PBXFileRef_Packages/C7-0.1.11/Sources/URI.swift" /* URI.swift */ = {isa = PBXFileReference; lastKnownFileType = sourcecode.swift; path = URI.swift; sourceTree = "<group>"; };
		__PBXFileRef_Sources/AsyncClient.swift /* AsyncClient.swift */ = {isa = PBXFileReference; lastKnownFileType = sourcecode.swift; path = AsyncClient.swift; sourceTree = "<group>"; };
		__PBXFileRef_Sources/AsyncMiddleware.swift /* AsyncMiddleware.swift */ = {isa = PBXFileReference; lastKnownFileType = sourcecode.swift; path = AsyncMiddleware.swift; sourceTree = "<group>"; };
		__PBXFileRef_Sources/AsyncResponder.swift /* AsyncResponder.swift */ = {isa = PBXFileReference; lastKnownFileType = sourcecode.swift; path = AsyncResponder.swift; sourceTree = "<group>"; };
		__PBXFileRef_Sources/AsyncRoute.swift /* AsyncRoute.swift */ = {isa = PBXFileReference; lastKnownFileType = sourcecode.swift; path = AsyncRoute.swift; sourceTree = "<group>"; };
		__PBXFileRef_Sources/AsyncRouteMatcher.swift /* AsyncRouteMatcher.swift */ = {isa = PBXFileReference; lastKnownFileType = sourcecode.swift; path = AsyncRouteMatcher.swift; sourceTree = "<group>"; };
		__PBXFileRef_Sources/AsyncRouter.swift /* AsyncRouter.swift */ = {isa = PBXFileReference; lastKnownFileType = sourcecode.swift; path = AsyncRouter.swift; sourceTree = "<group>"; };
		__PBXFileRef_Sources/AsyncServer.swift /* AsyncServer.swift */ = {isa = PBXFileReference; lastKnownFileType = sourcecode.swift; path = AsyncServer.swift; sourceTree = "<group>"; };
		__PBXFileRef_Sources/Body.swift /* Body.swift */ = {isa = PBXFileReference; lastKnownFileType = sourcecode.swift; path = Body.swift; sourceTree = "<group>"; };
		__PBXFileRef_Sources/Client.swift /* Client.swift */ = {isa = PBXFileReference; lastKnownFileType = sourcecode.swift; path = Client.swift; sourceTree = "<group>"; };
		__PBXFileRef_Sources/HeaderName.swift /* HeaderName.swift */ = {isa = PBXFileReference; lastKnownFileType = sourcecode.swift; path = HeaderName.swift; sourceTree = "<group>"; };
		__PBXFileRef_Sources/HeaderValues.swift /* HeaderValues.swift */ = {isa = PBXFileReference; lastKnownFileType = sourcecode.swift; path = HeaderValues.swift; sourceTree = "<group>"; };
		__PBXFileRef_Sources/Headers.swift /* Headers.swift */ = {isa = PBXFileReference; lastKnownFileType = sourcecode.swift; path = Headers.swift; sourceTree = "<group>"; };
		__PBXFileRef_Sources/Message.swift /* Message.swift */ = {isa = PBXFileReference; lastKnownFileType = sourcecode.swift; path = Message.swift; sourceTree = "<group>"; };
		__PBXFileRef_Sources/Method.swift /* Method.swift */ = {isa = PBXFileReference; lastKnownFileType = sourcecode.swift; path = Method.swift; sourceTree = "<group>"; };
		__PBXFileRef_Sources/Middleware.swift /* Middleware.swift */ = {isa = PBXFileReference; lastKnownFileType = sourcecode.swift; path = Middleware.swift; sourceTree = "<group>"; };
		__PBXFileRef_Sources/Port.swift /* Port.swift */ = {isa = PBXFileReference; lastKnownFileType = sourcecode.swift; path = Port.swift; sourceTree = "<group>"; };
		__PBXFileRef_Sources/Request.swift /* Request.swift */ = {isa = PBXFileReference; lastKnownFileType = sourcecode.swift; path = Request.swift; sourceTree = "<group>"; };
		__PBXFileRef_Sources/RequestConvertible.swift /* RequestConvertible.swift */ = {isa = PBXFileReference; lastKnownFileType = sourcecode.swift; path = RequestConvertible.swift; sourceTree = "<group>"; };
		__PBXFileRef_Sources/RequestInitializable.swift /* RequestInitializable.swift */ = {isa = PBXFileReference; lastKnownFileType = sourcecode.swift; path = RequestInitializable.swift; sourceTree = "<group>"; };
		__PBXFileRef_Sources/RequestParser.swift /* RequestParser.swift */ = {isa = PBXFileReference; lastKnownFileType = sourcecode.swift; path = RequestParser.swift; sourceTree = "<group>"; };
		__PBXFileRef_Sources/RequestRepresentable.swift /* RequestRepresentable.swift */ = {isa = PBXFileReference; lastKnownFileType = sourcecode.swift; path = RequestRepresentable.swift; sourceTree = "<group>"; };
		__PBXFileRef_Sources/RequestSerializer.swift /* RequestSerializer.swift */ = {isa = PBXFileReference; lastKnownFileType = sourcecode.swift; path = RequestSerializer.swift; sourceTree = "<group>"; };
		__PBXFileRef_Sources/Responder.swift /* Responder.swift */ = {isa = PBXFileReference; lastKnownFileType = sourcecode.swift; path = Responder.swift; sourceTree = "<group>"; };
		__PBXFileRef_Sources/Response.swift /* Response.swift */ = {isa = PBXFileReference; lastKnownFileType = sourcecode.swift; path = Response.swift; sourceTree = "<group>"; };
		__PBXFileRef_Sources/ResponseConvertible.swift /* ResponseConvertible.swift */ = {isa = PBXFileReference; lastKnownFileType = sourcecode.swift; path = ResponseConvertible.swift; sourceTree = "<group>"; };
		__PBXFileRef_Sources/ResponseInitializable.swift /* ResponseInitializable.swift */ = {isa = PBXFileReference; lastKnownFileType = sourcecode.swift; path = ResponseInitializable.swift; sourceTree = "<group>"; };
		__PBXFileRef_Sources/ResponseParser.swift /* ResponseParser.swift */ = {isa = PBXFileReference; lastKnownFileType = sourcecode.swift; path = ResponseParser.swift; sourceTree = "<group>"; };
		__PBXFileRef_Sources/ResponseRepresentable.swift /* ResponseRepresentable.swift */ = {isa = PBXFileReference; lastKnownFileType = sourcecode.swift; path = ResponseRepresentable.swift; sourceTree = "<group>"; };
		__PBXFileRef_Sources/ResponseSerializer.swift /* ResponseSerializer.swift */ = {isa = PBXFileReference; lastKnownFileType = sourcecode.swift; path = ResponseSerializer.swift; sourceTree = "<group>"; };
		__PBXFileRef_Sources/Route.swift /* Route.swift */ = {isa = PBXFileReference; lastKnownFileType = sourcecode.swift; path = Route.swift; sourceTree = "<group>"; };
		__PBXFileRef_Sources/RouteMatcher.swift /* RouteMatcher.swift */ = {isa = PBXFileReference; lastKnownFileType = sourcecode.swift; path = RouteMatcher.swift; sourceTree = "<group>"; };
		__PBXFileRef_Sources/Router.swift /* Router.swift */ = {isa = PBXFileReference; lastKnownFileType = sourcecode.swift; path = Router.swift; sourceTree = "<group>"; };
		__PBXFileRef_Sources/S4.swift /* S4.swift */ = {isa = PBXFileReference; lastKnownFileType = sourcecode.swift; path = S4.swift; sourceTree = "<group>"; };
		__PBXFileRef_Sources/Server.swift /* Server.swift */ = {isa = PBXFileReference; lastKnownFileType = sourcecode.swift; path = Server.swift; sourceTree = "<group>"; };
		__PBXFileRef_Sources/Status.swift /* Status.swift */ = {isa = PBXFileReference; lastKnownFileType = sourcecode.swift; path = Status.swift; sourceTree = "<group>"; };
		__PBXFileRef_Sources/Version.swift /* Version.swift */ = {isa = PBXFileReference; lastKnownFileType = sourcecode.swift; path = Version.swift; sourceTree = "<group>"; };
		__PBXFileRef_Tests/S4/ExampleTests.swift /* ExampleTests.swift */ = {isa = PBXFileReference; lastKnownFileType = sourcecode.swift; path = ExampleTests.swift; sourceTree = "<group>"; };
		"_____Product_C7" /* libC7.dylib */ = {isa = PBXFileReference; explicitFileType = "compiled.mach-o.dylib"; path = libC7.dylib; sourceTree = BUILT_PRODUCTS_DIR; };
		"_____Product_S4" /* libS4.dylib */ = {isa = PBXFileReference; explicitFileType = "compiled.mach-o.dylib"; path = libS4.dylib; sourceTree = BUILT_PRODUCTS_DIR; };
		"_____Product_S4TestSuite" /* S4TestSuite.xctest */ = {isa = PBXFileReference; lastKnownFileType = file; name = S4TestSuite.xctest; path = S4.testsuite.xctest; sourceTree = BUILT_PRODUCTS_DIR; };
/* End PBXFileReference section */

/* Begin PBXFrameworksBuildPhase section */
		"___LinkPhase_C7" /* Frameworks */ = {
			isa = PBXFrameworksBuildPhase;
			buildActionMask = 0;
			files = (
			);
			runOnlyForDeploymentPostprocessing = 0;
		};
		"___LinkPhase_S4" /* Frameworks */ = {
			isa = PBXFrameworksBuildPhase;
			buildActionMask = 0;
			files = (
				_LinkFileRef_C7 /* libC7.dylib in Frameworks */,
			);
			runOnlyForDeploymentPostprocessing = 0;
		};
		"___LinkPhase_S4TestSuite" /* Frameworks */ = {
			isa = PBXFrameworksBuildPhase;
			buildActionMask = 0;
			files = (
				C3F341F01CADE124000ECEBC /* libC7.dylib in Frameworks */,
				_LinkFileRef_S4 /* libS4.dylib in Frameworks */,
			);
			runOnlyForDeploymentPostprocessing = 0;
		};
/* End PBXFrameworksBuildPhase section */

/* Begin PBXGroup section */
		TestProducts_ /* Tests */ = {
			isa = PBXGroup;
			children = (
				"_____Product_S4TestSuite" /* S4TestSuite.xctest */,
			);
			name = Tests;
			sourceTree = "<group>";
		};
		"___RootGroup_" = {
			isa = PBXGroup;
			children = (
				__PBXFileRef_Package.swift /* Package.swift */,
				"_____Sources_" /* Sources */,
				"_______Tests_" /* Tests */,
				"____Products_" /* Products */,
			);
			sourceTree = "<group>";
		};
		"____Products_" /* Products */ = {
			isa = PBXGroup;
			children = (
				TestProducts_ /* Tests */,
				"_____Product_C7" /* libC7.dylib */,
				"_____Product_S4" /* libS4.dylib */,
			);
			name = Products;
			sourceTree = "<group>";
		};
		"_____Sources_" /* Sources */ = {
			isa = PBXGroup;
			children = (
				"_______Group_C7" /* C7 */,
				"_______Group_S4" /* S4 */,
			);
			name = Sources;
			sourceTree = "<group>";
		};
		"_______Group_C7" /* C7 */ = {
			isa = PBXGroup;
			children = (
				"__PBXFileRef_Packages/C7-0.1.11/Sources/AsyncStream.swift" /* AsyncStream.swift */,
				"__PBXFileRef_Packages/C7-0.1.11/Sources/AsyncStreamClient.swift" /* AsyncStreamClient.swift */,
				"__PBXFileRef_Packages/C7-0.1.11/Sources/AsyncStreamServer.swift" /* AsyncStreamServer.swift */,
				"__PBXFileRef_Packages/C7-0.1.11/Sources/Byte.swift" /* Byte.swift */,
				"__PBXFileRef_Packages/C7-0.1.11/Sources/CaseInsensitiveString.swift" /* CaseInsensitiveString.swift */,
				"__PBXFileRef_Packages/C7-0.1.11/Sources/CustomDataStore.swift" /* CustomDataStore.swift */,
				"__PBXFileRef_Packages/C7-0.1.11/Sources/Data.swift" /* Data.swift */,
				"__PBXFileRef_Packages/C7-0.1.11/Sources/Drain.swift" /* Drain.swift */,
				"__PBXFileRef_Packages/C7-0.1.11/Sources/Storage.swift" /* Storage.swift */,
				"__PBXFileRef_Packages/C7-0.1.11/Sources/Stream.swift" /* Stream.swift */,
				"__PBXFileRef_Packages/C7-0.1.11/Sources/StreamClient.swift" /* StreamClient.swift */,
				"__PBXFileRef_Packages/C7-0.1.11/Sources/StreamSequence.swift" /* StreamSequence.swift */,
				"__PBXFileRef_Packages/C7-0.1.11/Sources/StreamServer.swift" /* StreamServer.swift */,
				"__PBXFileRef_Packages/C7-0.1.11/Sources/URI.swift" /* URI.swift */,
			);
			name = C7;
			path = "Packages/C7-0.1.11/Sources";
			sourceTree = "<group>";
		};
		"_______Group_S4" /* S4 */ = {
			isa = PBXGroup;
			children = (
				__PBXFileRef_Sources/AsyncClient.swift /* AsyncClient.swift */,
				__PBXFileRef_Sources/AsyncMiddleware.swift /* AsyncMiddleware.swift */,
				__PBXFileRef_Sources/AsyncResponder.swift /* AsyncResponder.swift */,
				__PBXFileRef_Sources/AsyncRoute.swift /* AsyncRoute.swift */,
				__PBXFileRef_Sources/AsyncRouteMatcher.swift /* AsyncRouteMatcher.swift */,
				__PBXFileRef_Sources/AsyncRouter.swift /* AsyncRouter.swift */,
				__PBXFileRef_Sources/AsyncServer.swift /* AsyncServer.swift */,
				__PBXFileRef_Sources/Body.swift /* Body.swift */,
				__PBXFileRef_Sources/Client.swift /* Client.swift */,
				__PBXFileRef_Sources/HeaderName.swift /* HeaderName.swift */,
				__PBXFileRef_Sources/Headers.swift /* Headers.swift */,
				__PBXFileRef_Sources/HeaderValues.swift /* HeaderValues.swift */,
				__PBXFileRef_Sources/Message.swift /* Message.swift */,
				__PBXFileRef_Sources/Method.swift /* Method.swift */,
				__PBXFileRef_Sources/Middleware.swift /* Middleware.swift */,
				__PBXFileRef_Sources/Port.swift /* Port.swift */,
				__PBXFileRef_Sources/Request.swift /* Request.swift */,
				__PBXFileRef_Sources/RequestConvertible.swift /* RequestConvertible.swift */,
				__PBXFileRef_Sources/RequestInitializable.swift /* RequestInitializable.swift */,
				__PBXFileRef_Sources/RequestParser.swift /* RequestParser.swift */,
				__PBXFileRef_Sources/RequestRepresentable.swift /* RequestRepresentable.swift */,
				__PBXFileRef_Sources/RequestSerializer.swift /* RequestSerializer.swift */,
				__PBXFileRef_Sources/Responder.swift /* Responder.swift */,
				__PBXFileRef_Sources/Response.swift /* Response.swift */,
				__PBXFileRef_Sources/ResponseConvertible.swift /* ResponseConvertible.swift */,
				__PBXFileRef_Sources/ResponseInitializable.swift /* ResponseInitializable.swift */,
				__PBXFileRef_Sources/ResponseParser.swift /* ResponseParser.swift */,
				__PBXFileRef_Sources/ResponseRepresentable.swift /* ResponseRepresentable.swift */,
				__PBXFileRef_Sources/ResponseSerializer.swift /* ResponseSerializer.swift */,
				__PBXFileRef_Sources/Route.swift /* Route.swift */,
				__PBXFileRef_Sources/RouteMatcher.swift /* RouteMatcher.swift */,
				__PBXFileRef_Sources/Router.swift /* Router.swift */,
				__PBXFileRef_Sources/S4.swift /* S4.swift */,
				__PBXFileRef_Sources/Server.swift /* Server.swift */,
				__PBXFileRef_Sources/Status.swift /* Status.swift */,
				__PBXFileRef_Sources/Version.swift /* Version.swift */,
			);
			name = S4;
			path = Sources;
			sourceTree = "<group>";
		};
		"_______Group_S4TestSuite" /* S4.testsuite */ = {
			isa = PBXGroup;
			children = (
				__PBXFileRef_Tests/S4/ExampleTests.swift /* ExampleTests.swift */,
				C3F341F31CADE35D000ECEBC /* BodyTests.swift */,
			);
			name = S4.testsuite;
			path = Tests/S4;
			sourceTree = "<group>";
		};
		"_______Tests_" /* Tests */ = {
			isa = PBXGroup;
			children = (
				"_______Group_S4TestSuite" /* S4.testsuite */,
			);
			name = Tests;
			sourceTree = "<group>";
		};
/* End PBXGroup section */

/* Begin PBXNativeTarget section */
		"______Target_C7" /* C7 */ = {
			isa = PBXNativeTarget;
			buildConfigurationList = "_______Confs_C7" /* Build configuration list for PBXNativeTarget "C7" */;
			buildPhases = (
				CompilePhase_C7 /* Sources */,
				"___LinkPhase_C7" /* Frameworks */,
			);
			buildRules = (
			);
			dependencies = (
			);
			name = C7;
			productName = C7;
			productReference = "_____Product_C7" /* libC7.dylib */;
			productType = "com.apple.product-type.library.dynamic";
		};
		"______Target_S4" /* S4 */ = {
			isa = PBXNativeTarget;
			buildConfigurationList = "_______Confs_S4" /* Build configuration list for PBXNativeTarget "S4" */;
			buildPhases = (
				CompilePhase_S4 /* Sources */,
				"___LinkPhase_S4" /* Frameworks */,
			);
			buildRules = (
			);
			dependencies = (
				__Dependency_C7 /* PBXTargetDependency */,
			);
			name = S4;
			productName = S4;
			productReference = "_____Product_S4" /* libS4.dylib */;
			productType = "com.apple.product-type.library.dynamic";
		};
		"______Target_S4TestSuite" /* S4.testsuite */ = {
			isa = PBXNativeTarget;
			buildConfigurationList = "_______Confs_S4TestSuite" /* Build configuration list for PBXNativeTarget "S4.testsuite" */;
			buildPhases = (
				CompilePhase_S4TestSuite /* Sources */,
				"___LinkPhase_S4TestSuite" /* Frameworks */,
			);
			buildRules = (
			);
			dependencies = (
				__Dependency_C7 /* PBXTargetDependency */,
				__Dependency_S4 /* PBXTargetDependency */,
			);
			name = S4.testsuite;
			productName = S4TestSuite;
			productReference = "_____Product_S4TestSuite" /* S4TestSuite.xctest */;
			productType = "com.apple.product-type.bundle.unit-test";
		};
/* End PBXNativeTarget section */

/* Begin PBXProject section */
		__RootObject_ /* Project object */ = {
			isa = PBXProject;
			attributes = {
				LastUpgradeCheck = 9999;
			};
			buildConfigurationList = "___RootConfs_" /* Build configuration list for PBXProject "S4" */;
			compatibilityVersion = "Xcode 3.2";
			developmentRegion = English;
			hasScannedForEncodings = 0;
			knownRegions = (
				en,
			);
			mainGroup = "___RootGroup_";
			productRefGroup = "____Products_" /* Products */;
			projectDirPath = "";
			projectRoot = "";
			targets = (
				"______Target_C7" /* C7 */,
				"______Target_S4" /* S4 */,
				"______Target_S4TestSuite" /* S4.testsuite */,
			);
		};
/* End PBXProject section */

/* Begin PBXSourcesBuildPhase section */
		CompilePhase_C7 /* Sources */ = {
			isa = PBXSourcesBuildPhase;
			buildActionMask = 0;
			files = (
				"__src_cc_ref_Packages/C7-0.1.11/Sources/AsyncStream.swift" /* AsyncStream.swift in Sources */,
				"__src_cc_ref_Packages/C7-0.1.11/Sources/AsyncStreamClient.swift" /* AsyncStreamClient.swift in Sources */,
				"__src_cc_ref_Packages/C7-0.1.11/Sources/AsyncStreamServer.swift" /* AsyncStreamServer.swift in Sources */,
				"__src_cc_ref_Packages/C7-0.1.11/Sources/Byte.swift" /* Byte.swift in Sources */,
				"__src_cc_ref_Packages/C7-0.1.11/Sources/CaseInsensitiveString.swift" /* CaseInsensitiveString.swift in Sources */,
				"__src_cc_ref_Packages/C7-0.1.11/Sources/CustomDataStore.swift" /* CustomDataStore.swift in Sources */,
				"__src_cc_ref_Packages/C7-0.1.11/Sources/Data.swift" /* Data.swift in Sources */,
				"__src_cc_ref_Packages/C7-0.1.11/Sources/Drain.swift" /* Drain.swift in Sources */,
				"__src_cc_ref_Packages/C7-0.1.11/Sources/Storage.swift" /* Storage.swift in Sources */,
				"__src_cc_ref_Packages/C7-0.1.11/Sources/Stream.swift" /* Stream.swift in Sources */,
				"__src_cc_ref_Packages/C7-0.1.11/Sources/StreamClient.swift" /* StreamClient.swift in Sources */,
				"__src_cc_ref_Packages/C7-0.1.11/Sources/StreamSequence.swift" /* StreamSequence.swift in Sources */,
				"__src_cc_ref_Packages/C7-0.1.11/Sources/StreamServer.swift" /* StreamServer.swift in Sources */,
				"__src_cc_ref_Packages/C7-0.1.11/Sources/URI.swift" /* URI.swift in Sources */,
			);
			runOnlyForDeploymentPostprocessing = 0;
		};
		CompilePhase_S4 /* Sources */ = {
			isa = PBXSourcesBuildPhase;
			buildActionMask = 0;
			files = (
				__src_cc_ref_Sources/AsyncClient.swift /* AsyncClient.swift in Sources */,
				__src_cc_ref_Sources/AsyncMiddleware.swift /* AsyncMiddleware.swift in Sources */,
				__src_cc_ref_Sources/AsyncResponder.swift /* AsyncResponder.swift in Sources */,
				__src_cc_ref_Sources/AsyncRoute.swift /* AsyncRoute.swift in Sources */,
				__src_cc_ref_Sources/AsyncRouteMatcher.swift /* AsyncRouteMatcher.swift in Sources */,
				__src_cc_ref_Sources/AsyncRouter.swift /* AsyncRouter.swift in Sources */,
				__src_cc_ref_Sources/AsyncServer.swift /* AsyncServer.swift in Sources */,
				__src_cc_ref_Sources/Body.swift /* Body.swift in Sources */,
				__src_cc_ref_Sources/Client.swift /* Client.swift in Sources */,
				__src_cc_ref_Sources/HeaderName.swift /* HeaderName.swift in Sources */,
				__src_cc_ref_Sources/Headers.swift /* Headers.swift in Sources */,
				__src_cc_ref_Sources/HeaderValues.swift /* HeaderValues.swift in Sources */,
				__src_cc_ref_Sources/Message.swift /* Message.swift in Sources */,
				__src_cc_ref_Sources/Method.swift /* Method.swift in Sources */,
				__src_cc_ref_Sources/Middleware.swift /* Middleware.swift in Sources */,
				__src_cc_ref_Sources/Port.swift /* Port.swift in Sources */,
				__src_cc_ref_Sources/Request.swift /* Request.swift in Sources */,
				__src_cc_ref_Sources/RequestConvertible.swift /* RequestConvertible.swift in Sources */,
				__src_cc_ref_Sources/RequestInitializable.swift /* RequestInitializable.swift in Sources */,
				__src_cc_ref_Sources/RequestParser.swift /* RequestParser.swift in Sources */,
				__src_cc_ref_Sources/RequestRepresentable.swift /* RequestRepresentable.swift in Sources */,
				__src_cc_ref_Sources/RequestSerializer.swift /* RequestSerializer.swift in Sources */,
				__src_cc_ref_Sources/Responder.swift /* Responder.swift in Sources */,
				__src_cc_ref_Sources/Response.swift /* Response.swift in Sources */,
				__src_cc_ref_Sources/ResponseConvertible.swift /* ResponseConvertible.swift in Sources */,
				__src_cc_ref_Sources/ResponseInitializable.swift /* ResponseInitializable.swift in Sources */,
				__src_cc_ref_Sources/ResponseParser.swift /* ResponseParser.swift in Sources */,
				__src_cc_ref_Sources/ResponseRepresentable.swift /* ResponseRepresentable.swift in Sources */,
				__src_cc_ref_Sources/ResponseSerializer.swift /* ResponseSerializer.swift in Sources */,
				__src_cc_ref_Sources/Route.swift /* Route.swift in Sources */,
				__src_cc_ref_Sources/RouteMatcher.swift /* RouteMatcher.swift in Sources */,
				__src_cc_ref_Sources/Router.swift /* Router.swift in Sources */,
				__src_cc_ref_Sources/S4.swift /* S4.swift in Sources */,
				__src_cc_ref_Sources/Server.swift /* Server.swift in Sources */,
				__src_cc_ref_Sources/Status.swift /* Status.swift in Sources */,
				__src_cc_ref_Sources/Version.swift /* Version.swift in Sources */,
			);
			runOnlyForDeploymentPostprocessing = 0;
		};
		CompilePhase_S4TestSuite /* Sources */ = {
			isa = PBXSourcesBuildPhase;
			buildActionMask = 0;
			files = (
				__src_cc_ref_Tests/S4/ExampleTests.swift /* ExampleTests.swift in Sources */,
				C3F341F41CADE361000ECEBC /* BodyTests.swift in Sources */,
			);
			runOnlyForDeploymentPostprocessing = 0;
		};
/* End PBXSourcesBuildPhase section */

/* Begin PBXTargetDependency section */
		__Dependency_C7 /* PBXTargetDependency */ = {
			isa = PBXTargetDependency;
			target = "______Target_C7" /* C7 */;
			targetProxy = C3F341F11CADE124000ECEBC /* PBXContainerItemProxy */;
		};
		__Dependency_S4 /* PBXTargetDependency */ = {
			isa = PBXTargetDependency;
			target = "______Target_S4" /* S4 */;
			targetProxy = C3F341F21CADE124000ECEBC /* PBXContainerItemProxy */;
		};
/* End PBXTargetDependency section */

/* Begin XCBuildConfiguration section */
		_ReleaseConf_C7 /* Release */ = {
			isa = XCBuildConfiguration;
			buildSettings = {
				COMBINE_HIDPI_IMAGES = YES;
				DYLIB_INSTALL_NAME_BASE = "$(CONFIGURATION_BUILD_DIR)";
				ENABLE_TESTABILITY = YES;
				LD_RUNPATH_SEARCH_PATHS = "$(TOOLCHAIN_DIR)/usr/lib/swift/macosx";
				MACOSX_DEPLOYMENT_TARGET = 10.10;
				OTHER_SWIFT_FLAGS = "-DXcode";
				PRODUCT_MODULE_NAME = C7;
				PRODUCT_NAME = "lib$(TARGET_NAME)";
			};
			name = Release;
		};
		_ReleaseConf_S4 /* Release */ = {
			isa = XCBuildConfiguration;
			buildSettings = {
				COMBINE_HIDPI_IMAGES = YES;
				DYLIB_INSTALL_NAME_BASE = "$(CONFIGURATION_BUILD_DIR)";
				ENABLE_TESTABILITY = YES;
				LD_RUNPATH_SEARCH_PATHS = "$(TOOLCHAIN_DIR)/usr/lib/swift/macosx";
				MACOSX_DEPLOYMENT_TARGET = 10.10;
				OTHER_SWIFT_FLAGS = "-DXcode";
				PRODUCT_MODULE_NAME = S4;
				PRODUCT_NAME = "lib$(TARGET_NAME)";
			};
			name = Release;
		};
		_ReleaseConf_S4TestSuite /* Release */ = {
			isa = XCBuildConfiguration;
			buildSettings = {
				COMBINE_HIDPI_IMAGES = YES;
				EMBEDDED_CONTENT_CONTAINS_SWIFT = YES;
				LD_RUNPATH_SEARCH_PATHS = "@loader_path/../Frameworks";
				MACOSX_DEPLOYMENT_TARGET = 10.10;
				OTHER_SWIFT_FLAGS = "-DXcode";
				PRODUCT_MODULE_NAME = S4TestSuite;
				PRODUCT_NAME = "$(TARGET_NAME)";
			};
			name = Release;
		};
		"___DebugConf_C7" /* Debug */ = {
			isa = XCBuildConfiguration;
			buildSettings = {
				COMBINE_HIDPI_IMAGES = YES;
				DYLIB_INSTALL_NAME_BASE = "$(CONFIGURATION_BUILD_DIR)";
				ENABLE_TESTABILITY = YES;
				LD_RUNPATH_SEARCH_PATHS = "$(TOOLCHAIN_DIR)/usr/lib/swift/macosx";
				MACOSX_DEPLOYMENT_TARGET = 10.10;
				OTHER_SWIFT_FLAGS = "-DXcode";
				PRODUCT_MODULE_NAME = C7;
				PRODUCT_NAME = "lib$(TARGET_NAME)";
				SWIFT_OPTIMIZATION_LEVEL = "-Onone";
			};
			name = Debug;
		};
		"___DebugConf_S4" /* Debug */ = {
			isa = XCBuildConfiguration;
			buildSettings = {
				COMBINE_HIDPI_IMAGES = YES;
				DYLIB_INSTALL_NAME_BASE = "$(CONFIGURATION_BUILD_DIR)";
				ENABLE_TESTABILITY = YES;
				LD_RUNPATH_SEARCH_PATHS = "$(TOOLCHAIN_DIR)/usr/lib/swift/macosx";
				MACOSX_DEPLOYMENT_TARGET = 10.10;
				OTHER_SWIFT_FLAGS = "-DXcode";
				PRODUCT_MODULE_NAME = S4;
				PRODUCT_NAME = "lib$(TARGET_NAME)";
				SWIFT_OPTIMIZATION_LEVEL = "-Onone";
			};
			name = Debug;
		};
		"___DebugConf_S4TestSuite" /* Debug */ = {
			isa = XCBuildConfiguration;
			buildSettings = {
				COMBINE_HIDPI_IMAGES = YES;
				EMBEDDED_CONTENT_CONTAINS_SWIFT = YES;
				LD_RUNPATH_SEARCH_PATHS = "@loader_path/../Frameworks";
				MACOSX_DEPLOYMENT_TARGET = 10.10;
				OTHER_SWIFT_FLAGS = "-DXcode";
				PRODUCT_MODULE_NAME = S4TestSuite;
				PRODUCT_NAME = "$(TARGET_NAME)";
				SWIFT_OPTIMIZATION_LEVEL = "-Onone";
			};
			name = Debug;
		};
		"_____Release_" /* Release */ = {
			isa = XCBuildConfiguration;
			buildSettings = {
			};
			name = Release;
		};
		"_______Debug_" /* Debug */ = {
			isa = XCBuildConfiguration;
			buildSettings = {
			};
			name = Debug;
		};
/* End XCBuildConfiguration section */

/* Begin XCConfigurationList section */
		"___RootConfs_" /* Build configuration list for PBXProject "S4" */ = {
			isa = XCConfigurationList;
			buildConfigurations = (
				"_______Debug_" /* Debug */,
				"_____Release_" /* Release */,
			);
			defaultConfigurationIsVisible = 0;
			defaultConfigurationName = Debug;
		};
		"_______Confs_C7" /* Build configuration list for PBXNativeTarget "C7" */ = {
			isa = XCConfigurationList;
			buildConfigurations = (
				"___DebugConf_C7" /* Debug */,
				_ReleaseConf_C7 /* Release */,
			);
			defaultConfigurationIsVisible = 0;
			defaultConfigurationName = Debug;
		};
		"_______Confs_S4" /* Build configuration list for PBXNativeTarget "S4" */ = {
			isa = XCConfigurationList;
			buildConfigurations = (
				"___DebugConf_S4" /* Debug */,
				_ReleaseConf_S4 /* Release */,
			);
			defaultConfigurationIsVisible = 0;
			defaultConfigurationName = Debug;
		};
		"_______Confs_S4TestSuite" /* Build configuration list for PBXNativeTarget "S4.testsuite" */ = {
			isa = XCConfigurationList;
			buildConfigurations = (
				"___DebugConf_S4TestSuite" /* Debug */,
				_ReleaseConf_S4TestSuite /* Release */,
			);
			defaultConfigurationIsVisible = 0;
			defaultConfigurationName = Debug;
		};
/* End XCConfigurationList section */
	};
	rootObject = __RootObject_ /* Project object */;
}
